{
  "version": 4,
  "terraform_version": "1.7.2",
  "serial": 13,
  "lineage": "9a6a0ca2-fda2-ba9c-b898-6bcebcc2d2a0",
  "outputs": {},
  "resources": [
    {
      "module": "module.auth0",
      "mode": "managed",
      "type": "auth0_client",
      "name": "auth0_account_management_api_management_client",
      "provider": "module.auth0.provider[\"registry.terraform.io/auth0/auth0\"]",
      "instances": [
        {
          "schema_version": 0,
          "attributes": {
            "addons": [],
            "allowed_clients": [],
            "allowed_logout_urls": [],
            "allowed_origins": [],
            "app_type": "",
            "callbacks": [],
            "client_aliases": [],
            "client_id": "1BgLlph37nFBE7KhYcfDalcCP65dXwUz",
            "client_metadata": {},
            "cross_origin_auth": false,
            "cross_origin_loc": "",
            "custom_login_page": "",
            "custom_login_page_on": false,
            "description": "",
            "encryption_key": {},
            "form_template": "",
            "grant_types": [],
            "id": "1BgLlph37nFBE7KhYcfDalcCP65dXwUz",
            "initiate_login_uri": "",
            "is_first_party": true,
            "is_token_endpoint_ip_header_trusted": false,
            "jwt_configuration": [],
            "logo_uri": "",
            "mobile": [],
            "name": "Auth0 Account Management API Management Client",
            "native_social_login": [],
            "oidc_backchannel_logout_urls": [],
            "oidc_conformant": false,
            "organization_require_behavior": "",
            "organization_usage": "",
            "refresh_token": [
              {
                "expiration_type": "non-expiring",
                "idle_token_lifetime": 1296000,
                "infinite_idle_token_lifetime": true,
                "infinite_token_lifetime": true,
                "leeway": 0,
                "rotation_type": "non-rotating",
                "token_lifetime": 2592000
              }
            ],
            "require_pushed_authorization_requests": false,
            "signing_keys": [
              {
                "cert": "-----BEGIN CERTIFICATE-----\r\nMIIDHTCCAgWgAwIBAgIJMZtpf67QgRrxMA0GCSqGSIb3DQEBCwUAMCwxKjAoBgNV\r\nBAMTIWRldi04NzFtMHhuZ2F1aGxpZGJkLnVzLmF1dGgwLmNvbTAeFw0yNDAyMTAw\r\nMDQzMTVaFw0zNzEwMTkwMDQzMTVaMCwxKjAoBgNVBAMTIWRldi04NzFtMHhuZ2F1\r\naGxpZGJkLnVzLmF1dGgwLmNvbTCCASIwDQYJKoZIhvcNAQEBBQADggEPADCCAQoC\r\nggEBANER/axOXy0R86xJ/v3lHoTmQeTs5GuRWSwE1DykM/5XN408UrLm3HrE4tVT\r\nk1JzlhYPqRCcxwfh31MdberPQVr4IKGLwGKiWXA05YCyvcKqrcDG9IBIgfydD7bm\r\nbdqzjI7ydLEF0HAVEAH8SO+64+zRAoZCo4LV4cguo2scHC45S+MIENeEXY4g49Ja\r\nIrXcRYqYTLFJo5MAEDRSMDSJvfLzZRe/g+gbUl34UEun2wnfQ0pRvjhFCulzJMEP\r\n0w0+Xdg52M1mgx1wW3egw2oWDsWWei1WXjPCSrj1aTAS+HAjkjEitWtKB2OWI89f\r\nybtuUA/em9cp1E09DLhId/0lFQ8CAwEAAaNCMEAwDwYDVR0TAQH/BAUwAwEB/zAd\r\nBgNVHQ4EFgQUse4aRNlFvY01GCnbQKbaw9IevnowDgYDVR0PAQH/BAQDAgKEMA0G\r\nCSqGSIb3DQEBCwUAA4IBAQCPYKl0/giSpDY6ZONTwLWMbNY+OLOoGxIVU/aY4pQk\r\n17sxu+Yxb6cqWksPbwybyeuXevvwDhS27kI0+3eQSSar0wvCuD4ZclN+6aIzV+2Y\r\nGNSuz2zjTUmmQVFfWrvUUIcc5ZcaZjkGZ7PxIuPRGEKUkXAW2Q9oCmW6cTATECy8\r\n8a75gwtcHzdYZA6U8l4n+eLa8ZyoG4H3cqVcEDmQ2nPlRRav0+qB0SBE73kWgfis\r\nao5TBwKo964ki2FfZGXu0U9AWpN8NLKJTRx3TETFlVT9/xUe9A0sGc3pnlHfIRdg\r\n48c5JD2PahhGbmlxeDbKE5oQykOZv3YK+Y7Nvgz+RA/Y\r\n-----END CERTIFICATE-----",
                "pkcs7": "-----BEGIN PKCS7-----\r\nMIIDTAYJKoZIhvcNAQcCoIIDPTCCAzkCAQExADALBgkqhkiG9w0BBwGgggMhMIID\r\nHTCCAgWgAwIBAgIJMZtpf67QgRrxMA0GCSqGSIb3DQEBCwUAMCwxKjAoBgNVBAMT\r\nIWRldi04NzFtMHhuZ2F1aGxpZGJkLnVzLmF1dGgwLmNvbTAeFw0yNDAyMTAwMDQz\r\nMTVaFw0zNzEwMTkwMDQzMTVaMCwxKjAoBgNVBAMTIWRldi04NzFtMHhuZ2F1aGxp\r\nZGJkLnVzLmF1dGgwLmNvbTCCASIwDQYJKoZIhvcNAQEBBQADggEPADCCAQoCggEB\r\nANER/axOXy0R86xJ/v3lHoTmQeTs5GuRWSwE1DykM/5XN408UrLm3HrE4tVTk1Jz\r\nlhYPqRCcxwfh31MdberPQVr4IKGLwGKiWXA05YCyvcKqrcDG9IBIgfydD7bmbdqz\r\njI7ydLEF0HAVEAH8SO+64+zRAoZCo4LV4cguo2scHC45S+MIENeEXY4g49JaIrXc\r\nRYqYTLFJo5MAEDRSMDSJvfLzZRe/g+gbUl34UEun2wnfQ0pRvjhFCulzJMEP0w0+\r\nXdg52M1mgx1wW3egw2oWDsWWei1WXjPCSrj1aTAS+HAjkjEitWtKB2OWI89fybtu\r\nUA/em9cp1E09DLhId/0lFQ8CAwEAAaNCMEAwDwYDVR0TAQH/BAUwAwEB/zAdBgNV\r\nHQ4EFgQUse4aRNlFvY01GCnbQKbaw9IevnowDgYDVR0PAQH/BAQDAgKEMA0GCSqG\r\nSIb3DQEBCwUAA4IBAQCPYKl0/giSpDY6ZONTwLWMbNY+OLOoGxIVU/aY4pQk17sx\r\nu+Yxb6cqWksPbwybyeuXevvwDhS27kI0+3eQSSar0wvCuD4ZclN+6aIzV+2YGNSu\r\nz2zjTUmmQVFfWrvUUIcc5ZcaZjkGZ7PxIuPRGEKUkXAW2Q9oCmW6cTATECy88a75\r\ngwtcHzdYZA6U8l4n+eLa8ZyoG4H3cqVcEDmQ2nPlRRav0+qB0SBE73kWgfisao5T\r\nBwKo964ki2FfZGXu0U9AWpN8NLKJTRx3TETFlVT9/xUe9A0sGc3pnlHfIRdg48c5\r\nJD2PahhGbmlxeDbKE5oQykOZv3YK+Y7Nvgz+RA/YMQA=\r\n-----END PKCS7-----\r\n",
                "subject": "deprecated"
              }
            ],
            "sso": false,
            "sso_disabled": false,
            "web_origins": []
          },
          "sensitive_attributes": [],
          "private": "eyJzY2hlbWFfdmVyc2lvbiI6IjAifQ=="
        }
      ]
    },
    {
      "module": "module.auth0",
      "mode": "managed",
      "type": "auth0_client",
      "name": "skill_sheet",
      "provider": "module.auth0.provider[\"registry.terraform.io/auth0/auth0\"]",
      "instances": [
        {
          "schema_version": 0,
          "attributes": {
            "addons": [],
            "allowed_clients": [],
            "allowed_logout_urls": [
              "http://localhost:3000"
            ],
            "allowed_origins": [],
            "app_type": "spa",
            "callbacks": [
              "http://localhost:3000"
            ],
            "client_aliases": [],
            "client_id": "qp5ifGZDBabsDxMZJHzAEMJnmF8saTyz",
            "client_metadata": {},
            "cross_origin_auth": false,
            "cross_origin_loc": "",
            "custom_login_page": "",
            "custom_login_page_on": true,
            "description": "",
            "encryption_key": {},
            "form_template": "",
            "grant_types": [
              "authorization_code",
              "implicit",
              "refresh_token"
            ],
            "id": "qp5ifGZDBabsDxMZJHzAEMJnmF8saTyz",
            "initiate_login_uri": "",
            "is_first_party": true,
            "is_token_endpoint_ip_header_trusted": false,
            "jwt_configuration": [
              {
                "alg": "RS256",
                "lifetime_in_seconds": 36000,
                "scopes": {},
                "secret_encoded": false
              }
            ],
            "logo_uri": "",
            "mobile": [],
            "name": "skill-sheet",
            "native_social_login": [],
            "oidc_backchannel_logout_urls": [],
            "oidc_conformant": false,
            "organization_require_behavior": "",
            "organization_usage": "",
            "refresh_token": [
              {
                "expiration_type": "non-expiring",
                "idle_token_lifetime": 1296000,
                "infinite_idle_token_lifetime": true,
                "infinite_token_lifetime": true,
                "leeway": 0,
                "rotation_type": "non-rotating",
                "token_lifetime": 2592000
              }
            ],
            "require_pushed_authorization_requests": false,
            "signing_keys": [
              {
                "cert": "-----BEGIN CERTIFICATE-----\r\nMIIDHTCCAgWgAwIBAgIJMZtpf67QgRrxMA0GCSqGSIb3DQEBCwUAMCwxKjAoBgNV\r\nBAMTIWRldi04NzFtMHhuZ2F1aGxpZGJkLnVzLmF1dGgwLmNvbTAeFw0yNDAyMTAw\r\nMDQzMTVaFw0zNzEwMTkwMDQzMTVaMCwxKjAoBgNVBAMTIWRldi04NzFtMHhuZ2F1\r\naGxpZGJkLnVzLmF1dGgwLmNvbTCCASIwDQYJKoZIhvcNAQEBBQADggEPADCCAQoC\r\nggEBANER/axOXy0R86xJ/v3lHoTmQeTs5GuRWSwE1DykM/5XN408UrLm3HrE4tVT\r\nk1JzlhYPqRCcxwfh31MdberPQVr4IKGLwGKiWXA05YCyvcKqrcDG9IBIgfydD7bm\r\nbdqzjI7ydLEF0HAVEAH8SO+64+zRAoZCo4LV4cguo2scHC45S+MIENeEXY4g49Ja\r\nIrXcRYqYTLFJo5MAEDRSMDSJvfLzZRe/g+gbUl34UEun2wnfQ0pRvjhFCulzJMEP\r\n0w0+Xdg52M1mgx1wW3egw2oWDsWWei1WXjPCSrj1aTAS+HAjkjEitWtKB2OWI89f\r\nybtuUA/em9cp1E09DLhId/0lFQ8CAwEAAaNCMEAwDwYDVR0TAQH/BAUwAwEB/zAd\r\nBgNVHQ4EFgQUse4aRNlFvY01GCnbQKbaw9IevnowDgYDVR0PAQH/BAQDAgKEMA0G\r\nCSqGSIb3DQEBCwUAA4IBAQCPYKl0/giSpDY6ZONTwLWMbNY+OLOoGxIVU/aY4pQk\r\n17sxu+Yxb6cqWksPbwybyeuXevvwDhS27kI0+3eQSSar0wvCuD4ZclN+6aIzV+2Y\r\nGNSuz2zjTUmmQVFfWrvUUIcc5ZcaZjkGZ7PxIuPRGEKUkXAW2Q9oCmW6cTATECy8\r\n8a75gwtcHzdYZA6U8l4n+eLa8ZyoG4H3cqVcEDmQ2nPlRRav0+qB0SBE73kWgfis\r\nao5TBwKo964ki2FfZGXu0U9AWpN8NLKJTRx3TETFlVT9/xUe9A0sGc3pnlHfIRdg\r\n48c5JD2PahhGbmlxeDbKE5oQykOZv3YK+Y7Nvgz+RA/Y\r\n-----END CERTIFICATE-----",
                "pkcs7": "-----BEGIN PKCS7-----\r\nMIIDTAYJKoZIhvcNAQcCoIIDPTCCAzkCAQExADALBgkqhkiG9w0BBwGgggMhMIID\r\nHTCCAgWgAwIBAgIJMZtpf67QgRrxMA0GCSqGSIb3DQEBCwUAMCwxKjAoBgNVBAMT\r\nIWRldi04NzFtMHhuZ2F1aGxpZGJkLnVzLmF1dGgwLmNvbTAeFw0yNDAyMTAwMDQz\r\nMTVaFw0zNzEwMTkwMDQzMTVaMCwxKjAoBgNVBAMTIWRldi04NzFtMHhuZ2F1aGxp\r\nZGJkLnVzLmF1dGgwLmNvbTCCASIwDQYJKoZIhvcNAQEBBQADggEPADCCAQoCggEB\r\nANER/axOXy0R86xJ/v3lHoTmQeTs5GuRWSwE1DykM/5XN408UrLm3HrE4tVTk1Jz\r\nlhYPqRCcxwfh31MdberPQVr4IKGLwGKiWXA05YCyvcKqrcDG9IBIgfydD7bmbdqz\r\njI7ydLEF0HAVEAH8SO+64+zRAoZCo4LV4cguo2scHC45S+MIENeEXY4g49JaIrXc\r\nRYqYTLFJo5MAEDRSMDSJvfLzZRe/g+gbUl34UEun2wnfQ0pRvjhFCulzJMEP0w0+\r\nXdg52M1mgx1wW3egw2oWDsWWei1WXjPCSrj1aTAS+HAjkjEitWtKB2OWI89fybtu\r\nUA/em9cp1E09DLhId/0lFQ8CAwEAAaNCMEAwDwYDVR0TAQH/BAUwAwEB/zAdBgNV\r\nHQ4EFgQUse4aRNlFvY01GCnbQKbaw9IevnowDgYDVR0PAQH/BAQDAgKEMA0GCSqG\r\nSIb3DQEBCwUAA4IBAQCPYKl0/giSpDY6ZONTwLWMbNY+OLOoGxIVU/aY4pQk17sx\r\nu+Yxb6cqWksPbwybyeuXevvwDhS27kI0+3eQSSar0wvCuD4ZclN+6aIzV+2YGNSu\r\nz2zjTUmmQVFfWrvUUIcc5ZcaZjkGZ7PxIuPRGEKUkXAW2Q9oCmW6cTATECy88a75\r\ngwtcHzdYZA6U8l4n+eLa8ZyoG4H3cqVcEDmQ2nPlRRav0+qB0SBE73kWgfisao5T\r\nBwKo964ki2FfZGXu0U9AWpN8NLKJTRx3TETFlVT9/xUe9A0sGc3pnlHfIRdg48c5\r\nJD2PahhGbmlxeDbKE5oQykOZv3YK+Y7Nvgz+RA/YMQA=\r\n-----END PKCS7-----\r\n",
                "subject": "deprecated"
              }
            ],
            "sso": false,
            "sso_disabled": false,
            "web_origins": [
              "http://localhost:3000"
            ]
          },
          "sensitive_attributes": [],
          "private": "eyJzY2hlbWFfdmVyc2lvbiI6IjAifQ=="
        }
      ]
    },
    {
      "module": "module.auth0",
      "mode": "managed",
      "type": "auth0_client_grant",
      "name": "skill_sheet",
      "provider": "module.auth0.provider[\"registry.terraform.io/auth0/auth0\"]",
      "instances": [
        {
          "schema_version": 0,
          "attributes": {
            "audience": "https://skill-sheet",
            "client_id": "qp5ifGZDBabsDxMZJHzAEMJnmF8saTyz",
            "id": "cgr_hOZQulHW8NUMdlZH",
            "scopes": [
              "admin"
            ]
          },
          "sensitive_attributes": [],
          "private": "bnVsbA==",
          "dependencies": [
            "module.auth0.auth0_client.skill_sheet"
          ]
        }
      ]
    },
    {
      "module": "module.auth0",
      "mode": "managed",
      "type": "auth0_connection",
      "name": "skill_sheet",
      "provider": "module.auth0.provider[\"registry.terraform.io/auth0/auth0\"]",
      "instances": [
        {
          "schema_version": 3,
          "attributes": {
            "display_name": "",
            "id": "con_lXmRSyrA57CEvUif",
            "is_domain_connection": false,
            "metadata": {},
            "name": "Username-Password-Authentication",
            "options": [
              {
                "adfs_server": "",
                "allowed_audiences": [],
                "api_enable_users": false,
                "app_id": "",
                "attribute_map": [],
                "auth_params": {},
                "authorization_endpoint": "",
                "brute_force_protection": true,
                "client_id": "",
                "client_secret": "",
                "community_base_url": "",
                "configuration": {},
                "connection_settings": [],
                "custom_scripts": {},
                "debug": false,
                "decryption_key": [],
                "digest_algorithm": "",
                "disable_cache": false,
                "disable_self_service_change_password": false,
                "disable_sign_out": false,
                "disable_signup": false,
                "discovery_url": "",
                "domain": "",
                "domain_aliases": [],
                "enable_script_context": false,
                "enabled_database_customization": false,
                "entity_id": "",
                "fed_metadata_xml": "",
                "fields_map": "",
                "forward_request_info": false,
                "from": "",
                "gateway_authentication": [],
                "gateway_url": "",
                "icon_url": "",
                "identity_api": "",
                "idp_initiated": [],
                "import_mode": false,
                "ips": [],
                "issuer": "",
                "jwks_uri": "",
                "key_id": "",
                "map_user_id_to_id": false,
                "max_groups_to_retrieve": "",
                "messaging_service_sid": "",
                "metadata_url": "",
                "metadata_xml": "",
                "mfa": [
                  {
                    "active": true,
                    "return_enroll_settings": true
                  }
                ],
                "name": "",
                "non_persistent_attrs": [],
                "password_complexity_options": [],
                "password_dictionary": [],
                "password_history": [],
                "password_no_personal_info": [],
                "password_policy": "good",
                "ping_federate_base_url": "",
                "pkce_enabled": false,
                "protocol_binding": "",
                "provider": "",
                "request_template": "",
                "requires_username": false,
                "scopes": [],
                "scripts": {},
                "set_user_root_attributes": "",
                "should_trust_email_verified_connection": "",
                "sign_in_endpoint": "",
                "sign_out_endpoint": "",
                "sign_saml_request": false,
                "signature_algorithm": "",
                "signing_cert": "",
                "signing_key": [],
                "strategy_version": 0,
                "subject": "",
                "syntax": "",
                "team_id": "",
                "template": "",
                "tenant_domain": "",
                "token_endpoint": "",
                "totp": [],
                "twilio_sid": "",
                "twilio_token": "",
                "type": "",
                "upstream_params": "",
                "use_cert_auth": false,
                "use_kerberos": false,
                "use_wsfed": false,
                "user_id_attribute": "",
                "userinfo_endpoint": "",
                "validation": [],
                "waad_common_endpoint": false,
                "waad_protocol": ""
              }
            ],
            "realms": [
              "Username-Password-Authentication"
            ],
            "show_as_button": null,
            "strategy": "auth0"
          },
          "sensitive_attributes": [],
          "private": "eyJzY2hlbWFfdmVyc2lvbiI6IjMifQ=="
        }
      ]
    },
    {
      "module": "module.auth0",
      "mode": "managed",
      "type": "auth0_connection_clients",
      "name": "skill_sheet",
      "provider": "module.auth0.provider[\"registry.terraform.io/auth0/auth0\"]",
      "instances": [
        {
          "schema_version": 0,
          "attributes": {
            "connection_id": "con_lXmRSyrA57CEvUif",
            "enabled_clients": [
              "1BgLlph37nFBE7KhYcfDalcCP65dXwUz",
              "qp5ifGZDBabsDxMZJHzAEMJnmF8saTyz"
            ],
            "id": "con_lXmRSyrA57CEvUif",
            "name": "Username-Password-Authentication",
            "strategy": "auth0"
          },
          "sensitive_attributes": [],
          "private": "bnVsbA==",
          "dependencies": [
            "module.auth0.auth0_client.auth0_account_management_api_management_client",
            "module.auth0.auth0_client.skill_sheet",
            "module.auth0.auth0_connection.skill_sheet"
          ]
        }
      ]
    },
    {
      "module": "module.auth0",
      "mode": "managed",
      "type": "auth0_user",
      "name": "admin",
      "provider": "module.auth0.provider[\"registry.terraform.io/auth0/auth0\"]",
      "instances": [
        {
          "schema_version": 0,
          "attributes": {
            "app_metadata": "",
            "blocked": false,
            "connection_name": "Username-Password-Authentication",
            "email": "ko0701s@gmail.com",
            "email_verified": true,
            "family_name": "",
            "given_name": "",
            "id": "auth0|65cf735f1f49793ec9cf4148",
            "name": "ko0701s@gmail.com",
            "nickname": "ko0701s",
            "password": "Ko0541!!",
            "phone_number": "",
            "phone_verified": false,
            "picture": "https://s.gravatar.com/avatar/fa678c8a2d728d2893a4c0f2f43c8791?s=480\u0026r=pg\u0026d=https%3A%2F%2Fcdn.auth0.com%2Favatars%2Fko.png",
            "user_id": "auth0|65cf735f1f49793ec9cf4148",
            "user_metadata": "",
            "username": "",
            "verify_email": false
          },
          "sensitive_attributes": [
            [
              {
                "type": "get_attr",
                "value": "password"
              }
            ]
          ],
          "private": "bnVsbA==",
          "dependencies": [
            "module.auth0.auth0_connection.skill_sheet"
          ]
        }
      ]
    }
  ],
  "check_results": null
}
