{
  "version": 4,
  "terraform_version": "1.7.2",
  "serial": 106,
  "lineage": "d2729f8f-9078-9136-70eb-64e9a1d293eb",
  "outputs": {},
  "resources": [
    {
      "module": "module.auth0",
      "mode": "managed",
      "type": "auth0_client",
      "name": "auth0_account_management_api_management_client",
      "provider": "module.auth0.provider[\"registry.terraform.io/auth0/auth0\"]",
      "instances": [
        {
          "schema_version": 0,
          "attributes": {
            "addons": [],
            "allowed_clients": [],
            "allowed_logout_urls": [],
            "allowed_origins": [],
            "app_type": "",
            "callbacks": [],
            "client_aliases": [],
            "client_id": "yU3cFgr0Xv8CoEvswPCYSTTq7RNmzDGz",
            "client_metadata": {},
            "cross_origin_auth": false,
            "cross_origin_loc": "",
            "custom_login_page": "",
            "custom_login_page_on": false,
            "description": "",
            "encryption_key": {},
            "form_template": "",
            "grant_types": [],
            "id": "yU3cFgr0Xv8CoEvswPCYSTTq7RNmzDGz",
            "initiate_login_uri": "",
            "is_first_party": true,
            "is_token_endpoint_ip_header_trusted": false,
            "jwt_configuration": [],
            "logo_uri": "",
            "mobile": [],
            "name": "Auth0 Account Management API Management Client",
            "native_social_login": [],
            "oidc_backchannel_logout_urls": [],
            "oidc_conformant": false,
            "organization_require_behavior": "",
            "organization_usage": "",
            "refresh_token": [
              {
                "expiration_type": "non-expiring",
                "idle_token_lifetime": 1296000,
                "infinite_idle_token_lifetime": true,
                "infinite_token_lifetime": true,
                "leeway": 0,
                "rotation_type": "non-rotating",
                "token_lifetime": 2592000
              }
            ],
            "require_pushed_authorization_requests": false,
            "signing_keys": [
              {
                "cert": "-----BEGIN CERTIFICATE-----\r\nMIIDCzCCAfOgAwIBAgIJTerENZzyobPdMA0GCSqGSIb3DQEBCwUAMCMxITAfBgNV\r\nBAMTGHNraWxsLXNoZWV0LmpwLmF1dGgwLmNvbTAeFw0yNDAyMjgwOTAwMDJaFw0z\r\nNzExMDYwOTAwMDJaMCMxITAfBgNVBAMTGHNraWxsLXNoZWV0LmpwLmF1dGgwLmNv\r\nbTCCASIwDQYJKoZIhvcNAQEBBQADggEPADCCAQoCggEBAONS9reGIAwFlchlD2z2\r\n0mzaSjNzCEMXWo1zAJjbXaKBWXH4o/o+SB6IdbLFbMWmHFsENliGJ6E+MpmGK4TD\r\neggEvZcGqn41UnYoZgIrSTz0zm4R9Y02LCZGXbY8J9qNYVTLBaEIUoccd9yb+xbs\r\nRzFc3+f6I+wMzRaxB0SMVge978ZL+WVjfI5Y2FmOILcgWMjiENNRjs1B1pMekeyi\r\nia6gzhQpfeL223YoXm67iEVE0GNNOpXLee3DhkvyCCTlmS5G58BuuFpUsIDWQzMj\r\nhMR49y/wPGXYjt1586xPsfGR6VEg4l50R9XwesAiZdtpaJ2PqqExRQ5/tofEdq4H\r\n29kCAwEAAaNCMEAwDwYDVR0TAQH/BAUwAwEB/zAdBgNVHQ4EFgQUTW1VEYNbmzc4\r\nhvKR4bG3Zp4Nqx8wDgYDVR0PAQH/BAQDAgKEMA0GCSqGSIb3DQEBCwUAA4IBAQB5\r\nOjdnNaz09skvoG5i/2WyK0xQRsAYoZsv8udZBaxjj1/FvZ3rfaIV7M+02Ekw0e74\r\nbGa1Goz8Wx9hEKag+AeryXosQnAjzXag//NbJJFxuQlYDSehJ2Konhb1xrzWNwd1\r\nhkErXfRPLoFBwxzfD36Vo1BM7jyoi2wUoLpBazTXP+N+V6K1+bdvOodQZahh46nn\r\nTpgKWbUkdj7liDrSCAD2fKBnLuVCNBFMdN2+b074mjh8p12BUegKk4uwxbA+4EXt\r\ncZbWKJ7mQYEymVCMk7OxYcbM11TWnpI1q+mbMV3UstuMOuweLGEzLOKHp0iOHacA\r\n+WiFL/QW0pteuFLQU/Wp\r\n-----END CERTIFICATE-----",
                "pkcs7": "-----BEGIN PKCS7-----\r\nMIIDOgYJKoZIhvcNAQcCoIIDKzCCAycCAQExADALBgkqhkiG9w0BBwGgggMPMIID\r\nCzCCAfOgAwIBAgIJTerENZzyobPdMA0GCSqGSIb3DQEBCwUAMCMxITAfBgNVBAMT\r\nGHNraWxsLXNoZWV0LmpwLmF1dGgwLmNvbTAeFw0yNDAyMjgwOTAwMDJaFw0zNzEx\r\nMDYwOTAwMDJaMCMxITAfBgNVBAMTGHNraWxsLXNoZWV0LmpwLmF1dGgwLmNvbTCC\r\nASIwDQYJKoZIhvcNAQEBBQADggEPADCCAQoCggEBAONS9reGIAwFlchlD2z20mza\r\nSjNzCEMXWo1zAJjbXaKBWXH4o/o+SB6IdbLFbMWmHFsENliGJ6E+MpmGK4TDeggE\r\nvZcGqn41UnYoZgIrSTz0zm4R9Y02LCZGXbY8J9qNYVTLBaEIUoccd9yb+xbsRzFc\r\n3+f6I+wMzRaxB0SMVge978ZL+WVjfI5Y2FmOILcgWMjiENNRjs1B1pMekeyiia6g\r\nzhQpfeL223YoXm67iEVE0GNNOpXLee3DhkvyCCTlmS5G58BuuFpUsIDWQzMjhMR4\r\n9y/wPGXYjt1586xPsfGR6VEg4l50R9XwesAiZdtpaJ2PqqExRQ5/tofEdq4H29kC\r\nAwEAAaNCMEAwDwYDVR0TAQH/BAUwAwEB/zAdBgNVHQ4EFgQUTW1VEYNbmzc4hvKR\r\n4bG3Zp4Nqx8wDgYDVR0PAQH/BAQDAgKEMA0GCSqGSIb3DQEBCwUAA4IBAQB5Ojdn\r\nNaz09skvoG5i/2WyK0xQRsAYoZsv8udZBaxjj1/FvZ3rfaIV7M+02Ekw0e74bGa1\r\nGoz8Wx9hEKag+AeryXosQnAjzXag//NbJJFxuQlYDSehJ2Konhb1xrzWNwd1hkEr\r\nXfRPLoFBwxzfD36Vo1BM7jyoi2wUoLpBazTXP+N+V6K1+bdvOodQZahh46nnTpgK\r\nWbUkdj7liDrSCAD2fKBnLuVCNBFMdN2+b074mjh8p12BUegKk4uwxbA+4EXtcZbW\r\nKJ7mQYEymVCMk7OxYcbM11TWnpI1q+mbMV3UstuMOuweLGEzLOKHp0iOHacA+WiF\r\nL/QW0pteuFLQU/WpMQA=\r\n-----END PKCS7-----\r\n",
                "subject": "deprecated"
              }
            ],
            "sso": false,
            "sso_disabled": false,
            "web_origins": []
          },
          "sensitive_attributes": [],
          "private": "eyJzY2hlbWFfdmVyc2lvbiI6IjAifQ=="
        }
      ]
    },
    {
      "module": "module.auth0",
      "mode": "managed",
      "type": "auth0_client",
      "name": "skill_sheet",
      "provider": "module.auth0.provider[\"registry.terraform.io/auth0/auth0\"]",
      "instances": [
        {
          "schema_version": 0,
          "attributes": {
            "addons": [],
            "allowed_clients": [],
            "allowed_logout_urls": [
              "http://localhost:3000"
            ],
            "allowed_origins": [],
            "app_type": "spa",
            "callbacks": [
              "http://localhost:3000"
            ],
            "client_aliases": [],
            "client_id": "hQzr9MXysp8VS4iuvrAvJsAxlHtoBoIs",
            "client_metadata": {},
            "cross_origin_auth": false,
            "cross_origin_loc": "",
            "custom_login_page": "",
            "custom_login_page_on": true,
            "description": "",
            "encryption_key": {},
            "form_template": "",
            "grant_types": [
              "authorization_code",
              "implicit",
              "refresh_token"
            ],
            "id": "hQzr9MXysp8VS4iuvrAvJsAxlHtoBoIs",
            "initiate_login_uri": "",
            "is_first_party": true,
            "is_token_endpoint_ip_header_trusted": false,
            "jwt_configuration": [
              {
                "alg": "RS256",
                "lifetime_in_seconds": 0,
                "scopes": {},
                "secret_encoded": false
              }
            ],
            "logo_uri": "",
            "mobile": [],
            "name": "skill-sheet",
            "native_social_login": [],
            "oidc_backchannel_logout_urls": [],
            "oidc_conformant": false,
            "organization_require_behavior": "",
            "organization_usage": "",
            "refresh_token": [
              {
                "expiration_type": "non-expiring",
                "idle_token_lifetime": 1296000,
                "infinite_idle_token_lifetime": true,
                "infinite_token_lifetime": true,
                "leeway": 0,
                "rotation_type": "non-rotating",
                "token_lifetime": 2592000
              }
            ],
            "require_pushed_authorization_requests": false,
            "signing_keys": [
              {
                "cert": "-----BEGIN CERTIFICATE-----\r\nMIIDCzCCAfOgAwIBAgIJTerENZzyobPdMA0GCSqGSIb3DQEBCwUAMCMxITAfBgNV\r\nBAMTGHNraWxsLXNoZWV0LmpwLmF1dGgwLmNvbTAeFw0yNDAyMjgwOTAwMDJaFw0z\r\nNzExMDYwOTAwMDJaMCMxITAfBgNVBAMTGHNraWxsLXNoZWV0LmpwLmF1dGgwLmNv\r\nbTCCASIwDQYJKoZIhvcNAQEBBQADggEPADCCAQoCggEBAONS9reGIAwFlchlD2z2\r\n0mzaSjNzCEMXWo1zAJjbXaKBWXH4o/o+SB6IdbLFbMWmHFsENliGJ6E+MpmGK4TD\r\neggEvZcGqn41UnYoZgIrSTz0zm4R9Y02LCZGXbY8J9qNYVTLBaEIUoccd9yb+xbs\r\nRzFc3+f6I+wMzRaxB0SMVge978ZL+WVjfI5Y2FmOILcgWMjiENNRjs1B1pMekeyi\r\nia6gzhQpfeL223YoXm67iEVE0GNNOpXLee3DhkvyCCTlmS5G58BuuFpUsIDWQzMj\r\nhMR49y/wPGXYjt1586xPsfGR6VEg4l50R9XwesAiZdtpaJ2PqqExRQ5/tofEdq4H\r\n29kCAwEAAaNCMEAwDwYDVR0TAQH/BAUwAwEB/zAdBgNVHQ4EFgQUTW1VEYNbmzc4\r\nhvKR4bG3Zp4Nqx8wDgYDVR0PAQH/BAQDAgKEMA0GCSqGSIb3DQEBCwUAA4IBAQB5\r\nOjdnNaz09skvoG5i/2WyK0xQRsAYoZsv8udZBaxjj1/FvZ3rfaIV7M+02Ekw0e74\r\nbGa1Goz8Wx9hEKag+AeryXosQnAjzXag//NbJJFxuQlYDSehJ2Konhb1xrzWNwd1\r\nhkErXfRPLoFBwxzfD36Vo1BM7jyoi2wUoLpBazTXP+N+V6K1+bdvOodQZahh46nn\r\nTpgKWbUkdj7liDrSCAD2fKBnLuVCNBFMdN2+b074mjh8p12BUegKk4uwxbA+4EXt\r\ncZbWKJ7mQYEymVCMk7OxYcbM11TWnpI1q+mbMV3UstuMOuweLGEzLOKHp0iOHacA\r\n+WiFL/QW0pteuFLQU/Wp\r\n-----END CERTIFICATE-----",
                "pkcs7": "-----BEGIN PKCS7-----\r\nMIIDOgYJKoZIhvcNAQcCoIIDKzCCAycCAQExADALBgkqhkiG9w0BBwGgggMPMIID\r\nCzCCAfOgAwIBAgIJTerENZzyobPdMA0GCSqGSIb3DQEBCwUAMCMxITAfBgNVBAMT\r\nGHNraWxsLXNoZWV0LmpwLmF1dGgwLmNvbTAeFw0yNDAyMjgwOTAwMDJaFw0zNzEx\r\nMDYwOTAwMDJaMCMxITAfBgNVBAMTGHNraWxsLXNoZWV0LmpwLmF1dGgwLmNvbTCC\r\nASIwDQYJKoZIhvcNAQEBBQADggEPADCCAQoCggEBAONS9reGIAwFlchlD2z20mza\r\nSjNzCEMXWo1zAJjbXaKBWXH4o/o+SB6IdbLFbMWmHFsENliGJ6E+MpmGK4TDeggE\r\nvZcGqn41UnYoZgIrSTz0zm4R9Y02LCZGXbY8J9qNYVTLBaEIUoccd9yb+xbsRzFc\r\n3+f6I+wMzRaxB0SMVge978ZL+WVjfI5Y2FmOILcgWMjiENNRjs1B1pMekeyiia6g\r\nzhQpfeL223YoXm67iEVE0GNNOpXLee3DhkvyCCTlmS5G58BuuFpUsIDWQzMjhMR4\r\n9y/wPGXYjt1586xPsfGR6VEg4l50R9XwesAiZdtpaJ2PqqExRQ5/tofEdq4H29kC\r\nAwEAAaNCMEAwDwYDVR0TAQH/BAUwAwEB/zAdBgNVHQ4EFgQUTW1VEYNbmzc4hvKR\r\n4bG3Zp4Nqx8wDgYDVR0PAQH/BAQDAgKEMA0GCSqGSIb3DQEBCwUAA4IBAQB5Ojdn\r\nNaz09skvoG5i/2WyK0xQRsAYoZsv8udZBaxjj1/FvZ3rfaIV7M+02Ekw0e74bGa1\r\nGoz8Wx9hEKag+AeryXosQnAjzXag//NbJJFxuQlYDSehJ2Konhb1xrzWNwd1hkEr\r\nXfRPLoFBwxzfD36Vo1BM7jyoi2wUoLpBazTXP+N+V6K1+bdvOodQZahh46nnTpgK\r\nWbUkdj7liDrSCAD2fKBnLuVCNBFMdN2+b074mjh8p12BUegKk4uwxbA+4EXtcZbW\r\nKJ7mQYEymVCMk7OxYcbM11TWnpI1q+mbMV3UstuMOuweLGEzLOKHp0iOHacA+WiF\r\nL/QW0pteuFLQU/WpMQA=\r\n-----END PKCS7-----\r\n",
                "subject": "deprecated"
              }
            ],
            "sso": false,
            "sso_disabled": false,
            "web_origins": [
              "http://localhost:3000"
            ]
          },
          "sensitive_attributes": [],
          "private": "bnVsbA=="
        }
      ]
    },
    {
      "module": "module.auth0",
      "mode": "managed",
      "type": "auth0_client_grant",
      "name": "skill_sheet",
      "provider": "module.auth0.provider[\"registry.terraform.io/auth0/auth0\"]",
      "instances": [
        {
          "schema_version": 0,
          "attributes": {
            "audience": "https://skill-sheet",
            "client_id": "hQzr9MXysp8VS4iuvrAvJsAxlHtoBoIs",
            "id": "cgr_GaYK9nxXsyjTc7QG",
            "scopes": [
              "admin"
            ]
          },
          "sensitive_attributes": [],
          "private": "bnVsbA==",
          "dependencies": [
            "module.auth0.auth0_client.skill_sheet"
          ]
        }
      ]
    },
    {
      "module": "module.auth0",
      "mode": "managed",
      "type": "auth0_connection",
      "name": "skill_sheet",
      "provider": "module.auth0.provider[\"registry.terraform.io/auth0/auth0\"]",
      "instances": [
        {
          "schema_version": 3,
          "attributes": {
            "display_name": "",
            "id": "con_e1jqxcoygCXCD2KE",
            "is_domain_connection": false,
            "metadata": {},
            "name": "Username-Password-Authentication",
            "options": [
              {
                "adfs_server": "",
                "allowed_audiences": [],
                "api_enable_users": false,
                "app_id": "",
                "attribute_map": [],
                "auth_params": {},
                "authorization_endpoint": "",
                "brute_force_protection": true,
                "client_id": "",
                "client_secret": "",
                "community_base_url": "",
                "configuration": {},
                "connection_settings": [],
                "custom_scripts": {},
                "debug": false,
                "decryption_key": [],
                "digest_algorithm": "",
                "disable_cache": false,
                "disable_self_service_change_password": false,
                "disable_sign_out": false,
                "disable_signup": false,
                "discovery_url": "",
                "domain": "",
                "domain_aliases": [],
                "enable_script_context": false,
                "enabled_database_customization": false,
                "entity_id": "",
                "fed_metadata_xml": "",
                "fields_map": "",
                "forward_request_info": false,
                "from": "",
                "gateway_authentication": [],
                "gateway_url": "",
                "icon_url": "",
                "identity_api": "",
                "idp_initiated": [],
                "import_mode": false,
                "ips": [],
                "issuer": "",
                "jwks_uri": "",
                "key_id": "",
                "map_user_id_to_id": false,
                "max_groups_to_retrieve": "",
                "messaging_service_sid": "",
                "metadata_url": "",
                "metadata_xml": "",
                "mfa": [
                  {
                    "active": true,
                    "return_enroll_settings": true
                  }
                ],
                "name": "",
                "non_persistent_attrs": [],
                "password_complexity_options": [],
                "password_dictionary": [],
                "password_history": [],
                "password_no_personal_info": [],
                "password_policy": "good",
                "ping_federate_base_url": "",
                "pkce_enabled": false,
                "protocol_binding": "",
                "provider": "",
                "request_template": "",
                "requires_username": false,
                "scopes": [],
                "scripts": {},
                "set_user_root_attributes": "",
                "should_trust_email_verified_connection": "",
                "sign_in_endpoint": "",
                "sign_out_endpoint": "",
                "sign_saml_request": false,
                "signature_algorithm": "",
                "signing_cert": "",
                "signing_key": [],
                "strategy_version": 0,
                "subject": "",
                "syntax": "",
                "team_id": "",
                "template": "",
                "tenant_domain": "",
                "token_endpoint": "",
                "totp": [],
                "twilio_sid": "",
                "twilio_token": "",
                "type": "",
                "upstream_params": "",
                "use_cert_auth": false,
                "use_kerberos": false,
                "use_wsfed": false,
                "user_id_attribute": "",
                "userinfo_endpoint": "",
                "validation": [],
                "waad_common_endpoint": false,
                "waad_protocol": ""
              }
            ],
            "realms": [
              "Username-Password-Authentication"
            ],
            "show_as_button": null,
            "strategy": "auth0"
          },
          "sensitive_attributes": [],
          "private": "eyJzY2hlbWFfdmVyc2lvbiI6IjMifQ=="
        }
      ]
    },
    {
      "module": "module.auth0",
      "mode": "managed",
      "type": "auth0_connection_clients",
      "name": "skill_sheet",
      "provider": "module.auth0.provider[\"registry.terraform.io/auth0/auth0\"]",
      "instances": [
        {
          "schema_version": 0,
          "attributes": {
            "connection_id": "con_e1jqxcoygCXCD2KE",
            "enabled_clients": [
              "hQzr9MXysp8VS4iuvrAvJsAxlHtoBoIs",
              "yU3cFgr0Xv8CoEvswPCYSTTq7RNmzDGz"
            ],
            "id": "con_e1jqxcoygCXCD2KE",
            "name": "Username-Password-Authentication",
            "strategy": "auth0"
          },
          "sensitive_attributes": [],
          "private": "bnVsbA==",
          "dependencies": [
            "module.auth0.auth0_client.auth0_account_management_api_management_client",
            "module.auth0.auth0_client.skill_sheet",
            "module.auth0.auth0_connection.skill_sheet"
          ]
        }
      ]
    },
    {
      "module": "module.auth0",
      "mode": "managed",
      "type": "auth0_user",
      "name": "admin",
      "provider": "module.auth0.provider[\"registry.terraform.io/auth0/auth0\"]",
      "instances": [
        {
          "schema_version": 0,
          "attributes": {
            "app_metadata": "",
            "blocked": false,
            "connection_name": "Username-Password-Authentication",
            "email": "ko0701s@gmail.com",
            "email_verified": true,
            "family_name": "",
            "given_name": "",
            "id": "auth0|65def979afc0548859aec836",
            "name": "ko0701s@gmail.com",
            "nickname": "ko0701s",
            "password": "Ko0541!!",
            "phone_number": "",
            "phone_verified": false,
            "picture": "https://s.gravatar.com/avatar/fa678c8a2d728d2893a4c0f2f43c8791?s=480\u0026r=pg\u0026d=https%3A%2F%2Fcdn.auth0.com%2Favatars%2Fko.png",
            "user_id": "auth0|65def979afc0548859aec836",
            "user_metadata": "",
            "username": "",
            "verify_email": false
          },
          "sensitive_attributes": [
            [
              {
                "type": "get_attr",
                "value": "password"
              }
            ]
          ],
          "private": "bnVsbA==",
          "dependencies": [
            "module.auth0.auth0_client.auth0_account_management_api_management_client",
            "module.auth0.auth0_client.skill_sheet",
            "module.auth0.auth0_connection.skill_sheet",
            "module.auth0.auth0_connection_clients.skill_sheet"
          ]
        }
      ]
    },
    {
      "module": "module.railway",
      "mode": "managed",
      "type": "railway_deployment_trigger",
      "name": "skill_sheet",
      "provider": "module.railway.provider[\"registry.terraform.io/terraform-community-providers/railway\"]",
      "instances": [
        {
          "schema_version": 0,
          "attributes": {
            "branch": "main",
            "check_suites": false,
            "environment_id": "ae1e1028-d0d0-4b5f-8885-67361848620b",
            "id": "4a491855-d054-42f3-999a-3b3753ae41ac",
            "project_id": "1085a860-c158-43ca-bfce-fb5a7550a477",
            "repository": "ogoshikazuki/skill-sheet",
            "service_id": "f2ecadfb-c43c-4aa3-82c8-03c26358f7ce"
          },
          "sensitive_attributes": [],
          "dependencies": [
            "module.railway.railway_environment.production",
            "module.railway.railway_project.ogoshikazuki",
            "module.railway.railway_service.skill_sheet"
          ]
        }
      ]
    },
    {
      "module": "module.railway",
      "mode": "managed",
      "type": "railway_environment",
      "name": "production",
      "provider": "module.railway.provider[\"registry.terraform.io/terraform-community-providers/railway\"]",
      "instances": [
        {
          "schema_version": 0,
          "attributes": {
            "id": "ae1e1028-d0d0-4b5f-8885-67361848620b",
            "name": "production",
            "project_id": "1085a860-c158-43ca-bfce-fb5a7550a477"
          },
          "sensitive_attributes": [],
          "dependencies": [
            "module.railway.railway_project.ogoshikazuki"
          ]
        }
      ]
    },
    {
      "module": "module.railway",
      "mode": "managed",
      "type": "railway_project",
      "name": "ogoshikazuki",
      "provider": "module.railway.provider[\"registry.terraform.io/terraform-community-providers/railway\"]",
      "instances": [
        {
          "schema_version": 0,
          "attributes": {
            "default_environment": {
              "id": "ae1e1028-d0d0-4b5f-8885-67361848620b",
              "name": "production"
            },
            "description": "",
            "has_pr_deploys": false,
            "id": "1085a860-c158-43ca-bfce-fb5a7550a477",
            "name": "ogoshikazuki",
            "private": true,
            "team_id": null
          },
          "sensitive_attributes": []
        }
      ]
    },
    {
      "module": "module.railway",
      "mode": "managed",
      "type": "railway_service",
      "name": "postgres",
      "provider": "module.railway.provider[\"registry.terraform.io/terraform-community-providers/railway\"]",
      "instances": [
        {
          "schema_version": 0,
          "attributes": {
            "config_path": null,
            "cron_schedule": null,
            "id": "9aebfe37-9c3c-4c5b-b7f4-5dcca98c7e1c",
            "name": "Postgres",
            "project_id": "1085a860-c158-43ca-bfce-fb5a7550a477",
            "root_directory": null,
            "source_image": "ghcr.io/railwayapp-templates/postgres-ssl:latest",
            "source_repo": null,
            "volume": {
              "id": "5ee2734d-12d4-4a6b-b88e-84f255519b44",
              "mount_path": "/var/lib/postgresql/data",
              "name": "pgdata",
              "size": 500
            }
          },
          "sensitive_attributes": [],
          "dependencies": [
            "module.railway.railway_project.ogoshikazuki"
          ]
        }
      ]
    },
    {
      "module": "module.railway",
      "mode": "managed",
      "type": "railway_service",
      "name": "skill_sheet",
      "provider": "module.railway.provider[\"registry.terraform.io/terraform-community-providers/railway\"]",
      "instances": [
        {
          "schema_version": 0,
          "attributes": {
            "config_path": "infrastructure/railway/railway.json",
            "cron_schedule": null,
            "id": "f2ecadfb-c43c-4aa3-82c8-03c26358f7ce",
            "name": "skill-sheet",
            "project_id": "1085a860-c158-43ca-bfce-fb5a7550a477",
            "root_directory": "/backend/go",
            "source_image": null,
            "source_repo": "ogoshikazuki/skill-sheet",
            "volume": null
          },
          "sensitive_attributes": [],
          "dependencies": [
            "module.railway.railway_project.ogoshikazuki"
          ]
        }
      ]
    },
    {
      "module": "module.railway",
      "mode": "managed",
      "type": "railway_service_domain",
      "name": "skill_sheet",
      "provider": "module.railway.provider[\"registry.terraform.io/terraform-community-providers/railway\"]",
      "instances": [
        {
          "schema_version": 0,
          "attributes": {
            "domain": "skill-sheet-production.up.railway.app",
            "environment_id": "ae1e1028-d0d0-4b5f-8885-67361848620b",
            "id": "cc8ef178-3bc2-40ff-a499-be72a7c4582f",
            "project_id": "1085a860-c158-43ca-bfce-fb5a7550a477",
            "service_id": "f2ecadfb-c43c-4aa3-82c8-03c26358f7ce",
            "subdomain": "skill-sheet-production",
            "suffix": "up.railway.app"
          },
          "sensitive_attributes": [],
          "dependencies": [
            "module.railway.railway_environment.production",
            "module.railway.railway_project.ogoshikazuki",
            "module.railway.railway_service.skill_sheet"
          ]
        }
      ]
    },
    {
      "module": "module.railway",
      "mode": "managed",
      "type": "railway_tcp_proxy",
      "name": "postgres",
      "provider": "module.railway.provider[\"registry.terraform.io/terraform-community-providers/railway\"]",
      "instances": [
        {
          "schema_version": 0,
          "attributes": {
            "application_port": 5432,
            "domain": "monorail.proxy.rlwy.net",
            "environment_id": "ae1e1028-d0d0-4b5f-8885-67361848620b",
            "id": "df3278a7-fe48-4a8e-8f8a-bcaae897fefa",
            "proxy_port": 10032,
            "service_id": "9aebfe37-9c3c-4c5b-b7f4-5dcca98c7e1c"
          },
          "sensitive_attributes": [],
          "dependencies": [
            "module.railway.railway_environment.production",
            "module.railway.railway_project.ogoshikazuki",
            "module.railway.railway_service.postgres"
          ]
        }
      ]
    },
    {
      "module": "module.railway",
      "mode": "managed",
      "type": "railway_variable",
      "name": "skill_sheet",
      "provider": "module.railway.provider[\"registry.terraform.io/terraform-community-providers/railway\"]",
      "instances": [
        {
          "index_key": "CORS_ALLOWED_ORIGINS",
          "schema_version": 0,
          "attributes": {
            "environment_id": "ae1e1028-d0d0-4b5f-8885-67361848620b",
            "id": "f2ecadfb-c43c-4aa3-82c8-03c26358f7ce:ae1e1028-d0d0-4b5f-8885-67361848620b:CORS_ALLOWED_ORIGINS",
            "name": "CORS_ALLOWED_ORIGINS",
            "project_id": "1085a860-c158-43ca-bfce-fb5a7550a477",
            "service_id": "f2ecadfb-c43c-4aa3-82c8-03c26358f7ce",
            "value": "https://skill-sheet-blush.vercel.app"
          },
          "sensitive_attributes": [],
          "dependencies": [
            "module.railway.railway_environment.production",
            "module.railway.railway_project.ogoshikazuki",
            "module.railway.railway_service.skill_sheet"
          ]
        },
        {
          "index_key": "POSTGRES_DBNAME",
          "schema_version": 0,
          "attributes": {
            "environment_id": "ae1e1028-d0d0-4b5f-8885-67361848620b",
            "id": "f2ecadfb-c43c-4aa3-82c8-03c26358f7ce:ae1e1028-d0d0-4b5f-8885-67361848620b:POSTGRES_DBNAME",
            "name": "POSTGRES_DBNAME",
            "project_id": "1085a860-c158-43ca-bfce-fb5a7550a477",
            "service_id": "f2ecadfb-c43c-4aa3-82c8-03c26358f7ce",
            "value": "${{Postgres.PGDATABASE}}"
          },
          "sensitive_attributes": [],
          "dependencies": [
            "module.railway.railway_environment.production",
            "module.railway.railway_project.ogoshikazuki",
            "module.railway.railway_service.skill_sheet"
          ]
        },
        {
          "index_key": "POSTGRES_HOST",
          "schema_version": 0,
          "attributes": {
            "environment_id": "ae1e1028-d0d0-4b5f-8885-67361848620b",
            "id": "f2ecadfb-c43c-4aa3-82c8-03c26358f7ce:ae1e1028-d0d0-4b5f-8885-67361848620b:POSTGRES_HOST",
            "name": "POSTGRES_HOST",
            "project_id": "1085a860-c158-43ca-bfce-fb5a7550a477",
            "service_id": "f2ecadfb-c43c-4aa3-82c8-03c26358f7ce",
            "value": "postgres.railway.internal"
          },
          "sensitive_attributes": [],
          "dependencies": [
            "module.railway.railway_environment.production",
            "module.railway.railway_project.ogoshikazuki",
            "module.railway.railway_service.skill_sheet"
          ]
        },
        {
          "index_key": "POSTGRES_PASSWORD",
          "schema_version": 0,
          "attributes": {
            "environment_id": "ae1e1028-d0d0-4b5f-8885-67361848620b",
            "id": "f2ecadfb-c43c-4aa3-82c8-03c26358f7ce:ae1e1028-d0d0-4b5f-8885-67361848620b:POSTGRES_PASSWORD",
            "name": "POSTGRES_PASSWORD",
            "project_id": "1085a860-c158-43ca-bfce-fb5a7550a477",
            "service_id": "f2ecadfb-c43c-4aa3-82c8-03c26358f7ce",
            "value": "${{Postgres.PGPASSWORD}}"
          },
          "sensitive_attributes": [],
          "dependencies": [
            "module.railway.railway_environment.production",
            "module.railway.railway_project.ogoshikazuki",
            "module.railway.railway_service.skill_sheet"
          ]
        },
        {
          "index_key": "POSTGRES_USER",
          "schema_version": 0,
          "attributes": {
            "environment_id": "ae1e1028-d0d0-4b5f-8885-67361848620b",
            "id": "f2ecadfb-c43c-4aa3-82c8-03c26358f7ce:ae1e1028-d0d0-4b5f-8885-67361848620b:POSTGRES_USER",
            "name": "POSTGRES_USER",
            "project_id": "1085a860-c158-43ca-bfce-fb5a7550a477",
            "service_id": "f2ecadfb-c43c-4aa3-82c8-03c26358f7ce",
            "value": "${{Postgres.PGUSER}}"
          },
          "sensitive_attributes": [],
          "dependencies": [
            "module.railway.railway_environment.production",
            "module.railway.railway_project.ogoshikazuki",
            "module.railway.railway_service.skill_sheet"
          ]
        }
      ]
    },
    {
      "module": "module.vercel",
      "mode": "managed",
      "type": "vercel_project",
      "name": "skill_sheet",
      "provider": "module.vercel.provider[\"registry.terraform.io/vercel/vercel\"]",
      "instances": [
        {
          "schema_version": 0,
          "attributes": {
            "build_command": null,
            "dev_command": null,
            "environment": null,
            "framework": "nuxtjs",
            "git_repository": {
              "production_branch": "main",
              "repo": "ogoshikazuki/skill-sheet",
              "type": "github"
            },
            "id": "prj_GhKXRi9FIkTuACXRzkjeqq55xI9S",
            "ignore_command": "if [ \"$VERCEL_ENV\" == \"production\" ]; then exit 1; else exit 0; fi",
            "install_command": null,
            "name": "skill-sheet",
            "output_directory": null,
            "password_protection": null,
            "protection_bypass_for_automation": null,
            "protection_bypass_for_automation_secret": null,
            "public_source": null,
            "root_directory": "frontend/public/nuxt",
            "serverless_function_region": "iad1",
            "team_id": null,
            "trusted_ips": null,
            "vercel_authentication": {
              "deployment_type": "standard_protection"
            }
          },
          "sensitive_attributes": []
        }
      ]
    },
    {
      "module": "module.vercel",
      "mode": "managed",
      "type": "vercel_project",
      "name": "skill_sheet_admin",
      "provider": "module.vercel.provider[\"registry.terraform.io/vercel/vercel\"]",
      "instances": [
        {
          "schema_version": 0,
          "attributes": {
            "build_command": null,
            "dev_command": null,
            "environment": null,
            "framework": "nextjs",
            "git_repository": {
              "production_branch": "main",
              "repo": "ogoshikazuki/skill-sheet",
              "type": "github"
            },
            "id": "prj_2YEZI0FSe8fOpp16OchXFJrFciWn",
            "ignore_command": "if [ \"$VERCEL_ENV\" == \"production\" ]; then exit 1; else exit 0; fi",
            "install_command": null,
            "name": "skill-sheet-admin",
            "output_directory": null,
            "password_protection": null,
            "protection_bypass_for_automation": null,
            "protection_bypass_for_automation_secret": null,
            "public_source": null,
            "root_directory": "frontend/admin/nextjs",
            "serverless_function_region": null,
            "team_id": null,
            "trusted_ips": null,
            "vercel_authentication": {
              "deployment_type": "standard_protection"
            }
          },
          "sensitive_attributes": []
        }
      ]
    },
    {
      "module": "module.vercel",
      "mode": "managed",
      "type": "vercel_project_domain",
      "name": "skill_sheet",
      "provider": "module.vercel.provider[\"registry.terraform.io/vercel/vercel\"]",
      "instances": [
        {
          "schema_version": 0,
          "attributes": {
            "domain": "skill-sheet-blush.vercel.app",
            "git_branch": null,
            "id": "skill-sheet-blush.vercel.app",
            "project_id": "prj_GhKXRi9FIkTuACXRzkjeqq55xI9S",
            "redirect": null,
            "redirect_status_code": null,
            "team_id": null
          },
          "sensitive_attributes": [],
          "dependencies": [
            "module.vercel.vercel_project.skill_sheet"
          ]
        }
      ]
    },
    {
      "module": "module.vercel",
      "mode": "managed",
      "type": "vercel_project_domain",
      "name": "skill_sheet_admin",
      "provider": "module.vercel.provider[\"registry.terraform.io/vercel/vercel\"]",
      "instances": [
        {
          "schema_version": 0,
          "attributes": {
            "domain": "skill-sheet-admin.vercel.app",
            "git_branch": null,
            "id": "skill-sheet-admin.vercel.app",
            "project_id": "prj_2YEZI0FSe8fOpp16OchXFJrFciWn",
            "redirect": null,
            "redirect_status_code": null,
            "team_id": null
          },
          "sensitive_attributes": [],
          "dependencies": [
            "module.vercel.vercel_project.skill_sheet_admin"
          ]
        }
      ]
    },
    {
      "module": "module.vercel",
      "mode": "managed",
      "type": "vercel_project_environment_variable",
      "name": "skill_sheet",
      "provider": "module.vercel.provider[\"registry.terraform.io/vercel/vercel\"]",
      "instances": [
        {
          "schema_version": 0,
          "attributes": {
            "git_branch": null,
            "id": "CvfcKdirqCJUozPD",
            "key": "API_ENDPOINT",
            "project_id": "prj_GhKXRi9FIkTuACXRzkjeqq55xI9S",
            "target": [
              "development",
              "preview",
              "production"
            ],
            "team_id": null,
            "value": "https://skill-sheet-production.up.railway.app/query"
          },
          "sensitive_attributes": [],
          "dependencies": [
            "module.vercel.vercel_project.skill_sheet"
          ]
        }
      ]
    },
    {
      "module": "module.vercel",
      "mode": "managed",
      "type": "vercel_project_environment_variable",
      "name": "skill_sheet_admin",
      "provider": "module.vercel.provider[\"registry.terraform.io/vercel/vercel\"]",
      "instances": [
        {
          "index_key": "NEXT_PUBLIC_AUTH0_CLIENT_ID",
          "schema_version": 0,
          "attributes": {
            "git_branch": null,
            "id": "VsbywRMLEs8gD5us",
            "key": "NEXT_PUBLIC_AUTH0_CLIENT_ID",
            "project_id": "prj_2YEZI0FSe8fOpp16OchXFJrFciWn",
            "target": [
              "development",
              "preview",
              "production"
            ],
            "team_id": null,
            "value": "hQzr9MXysp8VS4iuvrAvJsAxlHtoBoIs"
          },
          "sensitive_attributes": [],
          "dependencies": [
            "module.auth0.auth0_client.skill_sheet",
            "module.vercel.vercel_project.skill_sheet_admin",
            "module.vercel.vercel_project_domain.skill_sheet_admin"
          ]
        },
        {
          "index_key": "NEXT_PUBLIC_AUTH0_DOMAIN",
          "schema_version": 0,
          "attributes": {
            "git_branch": null,
            "id": "KccbQteihG90FYqY",
            "key": "NEXT_PUBLIC_AUTH0_DOMAIN",
            "project_id": "prj_2YEZI0FSe8fOpp16OchXFJrFciWn",
            "target": [
              "development",
              "preview",
              "production"
            ],
            "team_id": null,
            "value": "skill-sheet.jp.auth0.com"
          },
          "sensitive_attributes": [],
          "dependencies": [
            "module.auth0.auth0_client.skill_sheet",
            "module.vercel.vercel_project.skill_sheet_admin",
            "module.vercel.vercel_project_domain.skill_sheet_admin"
          ]
        },
        {
          "index_key": "NEXT_PUBLIC_AUTH0_REDIRECT_URI",
          "schema_version": 0,
          "attributes": {
            "git_branch": null,
            "id": "71cwOSeE7vP3qwHe",
            "key": "NEXT_PUBLIC_AUTH0_REDIRECT_URI",
            "project_id": "prj_2YEZI0FSe8fOpp16OchXFJrFciWn",
            "target": [
              "development",
              "preview",
              "production"
            ],
            "team_id": null,
            "value": "skill-sheet-admin.vercel.app"
          },
          "sensitive_attributes": [],
          "dependencies": [
            "module.auth0.auth0_client.skill_sheet",
            "module.vercel.vercel_project.skill_sheet_admin",
            "module.vercel.vercel_project_domain.skill_sheet_admin"
          ]
        }
      ]
    }
  ],
  "check_results": null
}
